[[package]]
category = "main"
description = "Screen-scraping library"
name = "beautifulsoup4"
optional = false
python-versions = "*"
version = "4.9.0"

[package.dependencies]
soupsieve = [">1.2", "<2.0"]

[package.extras]
html5lib = ["html5lib"]
lxml = ["lxml"]

[[package]]
category = "main"
description = "Python package for providing Mozilla's CA Bundle."
name = "certifi"
optional = false
python-versions = "*"
version = "2019.11.28"

[[package]]
category = "main"
description = "Universal encoding detector for Python 2 and 3"
name = "chardet"
optional = false
python-versions = "*"
version = "3.0.4"

[[package]]
category = "main"
description = "Clean single-source support for Python 3 and 2"
name = "future"
optional = false
python-versions = ">=2.6, !=3.0.*, !=3.1.*, !=3.2.*"
version = "0.18.2"

[[package]]
category = "main"
description = "Internationalized Domain Names in Applications (IDNA)"
name = "idna"
optional = false
python-versions = ">=2.7, !=3.0.*, !=3.1.*, !=3.2.*, !=3.3.*"
version = "2.9"

[[package]]
category = "main"
description = "Japanese morphological analysis engine."
name = "janome"
optional = false
python-versions = "*"
version = "0.3.10"

[[package]]
category = "main"
description = "A simple, extensible Markov chain generator. Uses include generating random semi-plausible sentences based on an existing text."
name = "markovify"
optional = false
python-versions = "*"
version = "0.8.0"

[package.dependencies]
unidecode = "*"

[[package]]
category = "main"
description = "Python wrapper for the MeCab morphological analyzer for Japanese"
name = "mecab-python3"
optional = false
python-versions = "*"
version = "0.996.3"

[[package]]
category = "main"
description = "A generic, spec-compliant, thorough implementation of the OAuth request-signing logic"
name = "oauthlib"
optional = false
python-versions = ">=2.7, !=3.0.*, !=3.1.*, !=3.2.*, !=3.3.*"
version = "3.1.0"

[package.extras]
rsa = ["cryptography"]
signals = ["blinker"]
signedtoken = ["cryptography", "pyjwt (>=1.0.0)"]

[[package]]
category = "main"
description = "Add .env support to your django/flask apps in development and deployments"
name = "python-dotenv"
optional = false
python-versions = "*"
version = "0.11.0"

[package.extras]
cli = ["click (>=5.0)"]

[[package]]
category = "main"
description = "A Python wrapper around the Twitter API"
name = "python-twitter"
optional = false
python-versions = "*"
version = "3.5"

[package.dependencies]
future = "*"
requests = "*"
requests-oauthlib = "*"

[[package]]
category = "main"
description = "Python HTTP for Humans."
name = "requests"
optional = false
python-versions = ">=2.7, !=3.0.*, !=3.1.*, !=3.2.*, !=3.3.*, !=3.4.*"
version = "2.23.0"

[package.dependencies]
certifi = ">=2017.4.17"
chardet = ">=3.0.2,<4"
idna = ">=2.5,<3"
urllib3 = ">=1.21.1,<1.25.0 || >1.25.0,<1.25.1 || >1.25.1,<1.26"

[package.extras]
security = ["pyOpenSSL (>=0.14)", "cryptography (>=1.3.4)"]
socks = ["PySocks (>=1.5.6,<1.5.7 || >1.5.7)", "win-inet-pton"]

[[package]]
category = "main"
description = "OAuthlib authentication support for Requests."
name = "requests-oauthlib"
optional = false
python-versions = ">=2.7, !=3.0.*, !=3.1.*, !=3.2.*, !=3.3.*"
version = "1.3.0"

[package.dependencies]
oauthlib = ">=3.0.0"
requests = ">=2.0.0"

[package.extras]
rsa = ["oauthlib (>=3.0.0)"]

[[package]]
category = "main"
description = "A modern CSS selector implementation for Beautiful Soup."
name = "soupsieve"
optional = false
python-versions = "*"
version = "1.9.5"

[[package]]
category = "main"
description = "ASCII transliterations of Unicode text"
name = "unidecode"
optional = false
python-versions = ">=2.7, !=3.0.*, !=3.1.*, !=3.2.*, !=3.3.*"
version = "1.1.1"

[[package]]
category = "main"
description = "HTTP library with thread-safe connection pooling, file post, and more."
name = "urllib3"
optional = false
python-versions = ">=2.7, !=3.0.*, !=3.1.*, !=3.2.*, !=3.3.*, !=3.4.*, <4"
version = "1.25.8"

[package.extras]
brotli = ["brotlipy (>=0.6.0)"]
secure = ["pyOpenSSL (>=0.14)", "cryptography (>=1.3.4)", "idna (>=2.0.0)", "certifi", "ipaddress"]
socks = ["PySocks (>=1.5.6,<1.5.7 || >1.5.7,<2.0)"]

[metadata]
content-hash = "3ae7e0c748b74779b634d61e0ad52defa8109c510f52a1afc35dbd04f4f95c79"
python-versions = "^3.8"

[metadata.files]
beautifulsoup4 = [
    {file = "beautifulsoup4-4.9.0-py2-none-any.whl", hash = "sha256:a4bbe77fd30670455c5296242967a123ec28c37e9702a8a81bd2f20a4baf0368"},
    {file = "beautifulsoup4-4.9.0-py3-none-any.whl", hash = "sha256:d4e96ac9b0c3a6d3f0caae2e4124e6055c5dcafde8e2f831ff194c104f0775a0"},
    {file = "beautifulsoup4-4.9.0.tar.gz", hash = "sha256:594ca51a10d2b3443cbac41214e12dbb2a1cd57e1a7344659849e2e20ba6a8d8"},
]
certifi = [
    {file = "certifi-2019.11.28-py2.py3-none-any.whl", hash = "sha256:017c25db2a153ce562900032d5bc68e9f191e44e9a0f762f373977de9df1fbb3"},
    {file = "certifi-2019.11.28.tar.gz", hash = "sha256:25b64c7da4cd7479594d035c08c2d809eb4aab3a26e5a990ea98cc450c320f1f"},
]
chardet = [
    {file = "chardet-3.0.4-py2.py3-none-any.whl", hash = "sha256:fc323ffcaeaed0e0a02bf4d117757b98aed530d9ed4531e3e15460124c106691"},
    {file = "chardet-3.0.4.tar.gz", hash = "sha256:84ab92ed1c4d4f16916e05906b6b75a6c0fb5db821cc65e70cbd64a3e2a5eaae"},
]
future = [
    {file = "future-0.18.2.tar.gz", hash = "sha256:b1bead90b70cf6ec3f0710ae53a525360fa360d306a86583adc6bf83a4db537d"},
]
idna = [
    {file = "idna-2.9-py2.py3-none-any.whl", hash = "sha256:a068a21ceac8a4d63dbfd964670474107f541babbd2250d61922f029858365fa"},
    {file = "idna-2.9.tar.gz", hash = "sha256:7588d1c14ae4c77d74036e8c22ff447b26d0fde8f007354fd48a7814db15b7cb"},
]
janome = [
    {file = "Janome-0.3.10-py2.py3-none-any.whl", hash = "sha256:3bddefa113ab1342653193e70be2a18c3d1baa64837a8ac0c6960efb8a07bba7"},
    {file = "Janome-0.3.10.tar.gz", hash = "sha256:b002731b2790da73d085c628ab9c929dcc4bae7ef20910abd976713d6c0666b0"},
]
markovify = [
    {file = "markovify-0.8.0.tar.gz", hash = "sha256:c533a2e1aba8148bb98031b7159e8bf1a276c61db53d2e882ecb74fa5603a4f4"},
]
mecab-python3 = [
    {file = "mecab-python3-0.996.3.tar.gz", hash = "sha256:1cedc968ef5bcbb2a6ece3bb4eb26e9569d89f3277dc2066ea0ce1341ab7d3b9"},
    {file = "mecab_python3-0.996.3-cp27-cp27m-macosx_10_6_intel.whl", hash = "sha256:ce56faf9c45ab1710e766b631fe02a800028a2c958155e13424388a1e664d812"},
    {file = "mecab_python3-0.996.3-cp27-cp27m-manylinux2010_i686.whl", hash = "sha256:a6a5c3532af86a140a00ec4639d8925a6fb277094d84a2119a66cc09289268fb"},
    {file = "mecab_python3-0.996.3-cp27-cp27m-manylinux2010_x86_64.whl", hash = "sha256:47dc118754de5b72257409290ab11d49e870c8623cd26ef76bcdf4ef2ae0c6b3"},
    {file = "mecab_python3-0.996.3-cp27-cp27mu-manylinux2010_i686.whl", hash = "sha256:ee62b5f53dc8833de946f40f613e1f67d259fb061dcf95ea193fc30f283be381"},
    {file = "mecab_python3-0.996.3-cp27-cp27mu-manylinux2010_x86_64.whl", hash = "sha256:b96e6e2daf07801a38b13e0ea00c450f190d41594e33d46833174aff218be8e6"},
    {file = "mecab_python3-0.996.3-cp35-cp35m-macosx_10_6_intel.whl", hash = "sha256:b98c1124218cc0cb256fc1e312ceec77d3beeaf474a20b0ade8dea3b4ea28a85"},
    {file = "mecab_python3-0.996.3-cp35-cp35m-manylinux2010_i686.whl", hash = "sha256:291708f046a071d327b5746b8705b0751e953767327192250c28b867d03b770b"},
    {file = "mecab_python3-0.996.3-cp35-cp35m-manylinux2010_x86_64.whl", hash = "sha256:d5051e296fe047966ff1990adea5fd8668f4b8a97b38b106a837f0a4ef9cfafb"},
    {file = "mecab_python3-0.996.3-cp36-cp36m-macosx_10_6_intel.whl", hash = "sha256:a6db03f27f118afaa9b71b1537aaf8f0410b9021f99704efe5377f8d310a4dad"},
    {file = "mecab_python3-0.996.3-cp36-cp36m-manylinux2010_i686.whl", hash = "sha256:0c70146aa804ea1d163bbb76c0fa5f4adb80169bde1cbb144ea2d7a7ef7f00e1"},
    {file = "mecab_python3-0.996.3-cp36-cp36m-manylinux2010_x86_64.whl", hash = "sha256:11447e92b97655b85c9968341badc0bc666518012e334f5d38d5976e0f075a42"},
    {file = "mecab_python3-0.996.3-cp37-cp37m-macosx_10_6_intel.whl", hash = "sha256:546fe4e25dc197805574e1f2f36f43e2e28bf741a348674bc19858512f1372d9"},
    {file = "mecab_python3-0.996.3-cp37-cp37m-manylinux2010_i686.whl", hash = "sha256:0235317296c7e88432be27fa133041bc160f75cb765db8772cdac017044fe989"},
    {file = "mecab_python3-0.996.3-cp37-cp37m-manylinux2010_x86_64.whl", hash = "sha256:2e68edd055e1899ca72f0ef164b31910cce07b26bc1198b65352b71b49008050"},
    {file = "mecab_python3-0.996.3-cp38-cp38-macosx_10_9_x86_64.whl", hash = "sha256:1de93a214023fb4b848f4133330d7b7a3228441b453050a5f289f6261b7f99f1"},
    {file = "mecab_python3-0.996.3-cp38-cp38-manylinux2010_i686.whl", hash = "sha256:04f31087eac0313b2ceab06808a7234684935d37c3ce34db31f224c134c5d000"},
    {file = "mecab_python3-0.996.3-cp38-cp38-manylinux2010_x86_64.whl", hash = "sha256:c48912e180d7f5f2e567e8095a5de3d71eb9d0aec1f04b1232423df775c46738"},
]
oauthlib = [
    {file = "oauthlib-3.1.0-py2.py3-none-any.whl", hash = "sha256:df884cd6cbe20e32633f1db1072e9356f53638e4361bef4e8b03c9127c9328ea"},
    {file = "oauthlib-3.1.0.tar.gz", hash = "sha256:bee41cc35fcca6e988463cacc3bcb8a96224f470ca547e697b604cc697b2f889"},
]
python-dotenv = [
    {file = "python-dotenv-0.11.0.tar.gz", hash = "sha256:8429f459fc041237d98c9ff32e1938e7e5535b5ff24388876315a098027c3a57"},
    {file = "python_dotenv-0.11.0-py2.py3-none-any.whl", hash = "sha256:ca9f3debf2262170d6f46571ce4d6ca1add60bb93b69c3a29dcb3d1a00a65c93"},
]
python-twitter = [
    {file = "python-twitter-3.5.tar.gz", hash = "sha256:45855742f1095aa0c8c57b2983eee3b6b7f527462b50a2fa8437a8b398544d90"},
    {file = "python_twitter-3.5-py2.py3-none-any.whl", hash = "sha256:4a420a6cb6ee9d0c8da457c8a8573f709c2ff2e1a7542e2d38807ebbfe8ebd1d"},
]
requests = [
    {file = "requests-2.23.0-py2.py3-none-any.whl", hash = "sha256:43999036bfa82904b6af1d99e4882b560e5e2c68e5c4b0aa03b655f3d7d73fee"},
    {file = "requests-2.23.0.tar.gz", hash = "sha256:b3f43d496c6daba4493e7c431722aeb7dbc6288f52a6e04e7b6023b0247817e6"},
]
requests-oauthlib = [
    {file = "requests-oauthlib-1.3.0.tar.gz", hash = "sha256:b4261601a71fd721a8bd6d7aa1cc1d6a8a93b4a9f5e96626f8e4d91e8beeaa6a"},
    {file = "requests_oauthlib-1.3.0-py2.py3-none-any.whl", hash = "sha256:7f71572defaecd16372f9006f33c2ec8c077c3cfa6f5911a9a90202beb513f3d"},
    {file = "requests_oauthlib-1.3.0-py3.7.egg", hash = "sha256:fa6c47b933f01060936d87ae9327fead68768b69c6c9ea2109c48be30f2d4dbc"},
]
soupsieve = [
    {file = "soupsieve-1.9.5-py2.py3-none-any.whl", hash = "sha256:bdb0d917b03a1369ce964056fc195cfdff8819c40de04695a80bc813c3cfa1f5"},
    {file = "soupsieve-1.9.5.tar.gz", hash = "sha256:e2c1c5dee4a1c36bcb790e0fabd5492d874b8ebd4617622c4f6a731701060dda"},
]
unidecode = [
    {file = "Unidecode-1.1.1-py2.py3-none-any.whl", hash = "sha256:1d7a042116536098d05d599ef2b8616759f02985c85b4fef50c78a5aaf10822a"},
    {file = "Unidecode-1.1.1.tar.gz", hash = "sha256:2b6aab710c2a1647e928e36d69c21e76b453cd455f4e2621000e54b2a9b8cce8"},
]
urllib3 = [
    {file = "urllib3-1.25.8-py2.py3-none-any.whl", hash = "sha256:2f3db8b19923a873b3e5256dc9c2dedfa883e33d87c690d9c7913e1f40673cdc"},
    {file = "urllib3-1.25.8.tar.gz", hash = "sha256:87716c2d2a7121198ebcb7ce7cccf6ce5e9ba539041cfbaeecfb641dc0bf6acc"},
]
